// !$*UTF8*$!
{
	archiveVersion = 1;
	classes = {
	};
	objectVersion = 56;
	objects = {

/* Begin PBXBuildFile section */
		09035FC22C2D964500B938F8 /* DataLayer.framework in Frameworks */ = {isa = PBXBuildFile; fileRef = 09035FB92C2D964500B938F8 /* DataLayer.framework */; };
		09035FD32C2D96FC00B938F8 /* Factory in Frameworks */ = {isa = PBXBuildFile; productRef = 09035FD22C2D96FC00B938F8 /* Factory */; };
		0903600E2C2D982400B938F8 /* WeatherEndpoint.swift in Sources */ = {isa = PBXBuildFile; fileRef = 090360032C2D982400B938F8 /* WeatherEndpoint.swift */; };
		0903600F2C2D982400B938F8 /* Endpoint.swift in Sources */ = {isa = PBXBuildFile; fileRef = 090360042C2D982400B938F8 /* Endpoint.swift */; };
		090360102C2D982400B938F8 /* HTTPClient.swift in Sources */ = {isa = PBXBuildFile; fileRef = 090360052C2D982400B938F8 /* HTTPClient.swift */; };
		090360112C2D982400B938F8 /* RequestMethod.swift in Sources */ = {isa = PBXBuildFile; fileRef = 090360062C2D982400B938F8 /* RequestMethod.swift */; };
		090360122C2D982400B938F8 /* RequestError.swift in Sources */ = {isa = PBXBuildFile; fileRef = 090360072C2D982400B938F8 /* RequestError.swift */; };
		090360132C2D982400B938F8 /* CurrentWeatherRemoteDataSource.swift in Sources */ = {isa = PBXBuildFile; fileRef = 0903600A2C2D982400B938F8 /* CurrentWeatherRemoteDataSource.swift */; };
		090360142C2D982400B938F8 /* CurrentWeatherRequest.swift in Sources */ = {isa = PBXBuildFile; fileRef = 0903600D2C2D982400B938F8 /* CurrentWeatherRequest.swift */; };
		090360202C2D9C4600B938F8 /* Factory+Container.swift in Sources */ = {isa = PBXBuildFile; fileRef = 0903601F2C2D9C4600B938F8 /* Factory+Container.swift */; };
		090360802C2DA74A00B938F8 /* CurrentWeatherResponse.swift in Sources */ = {isa = PBXBuildFile; fileRef = 0903607F2C2DA74A00B938F8 /* CurrentWeatherResponse.swift */; };
		090360832C2DAC8100B938F8 /* CurrentWeatherRemoteDataSourceProtocol.swift in Sources */ = {isa = PBXBuildFile; fileRef = 090360822C2DAC8100B938F8 /* CurrentWeatherRemoteDataSourceProtocol.swift */; };
/* End PBXBuildFile section */

/* Begin PBXContainerItemProxy section */
		09035FC32C2D964500B938F8 /* PBXContainerItemProxy */ = {
			isa = PBXContainerItemProxy;
			containerPortal = 09035FB02C2D964500B938F8 /* Project object */;
			proxyType = 1;
			remoteGlobalIDString = 09035FB82C2D964500B938F8;
			remoteInfo = DataLayer;
		};
/* End PBXContainerItemProxy section */

/* Begin PBXFileReference section */
		09035FB92C2D964500B938F8 /* DataLayer.framework */ = {isa = PBXFileReference; explicitFileType = wrapper.framework; includeInIndex = 0; path = DataLayer.framework; sourceTree = BUILT_PRODUCTS_DIR; };
		09035FC12C2D964500B938F8 /* DataLayerTests.xctest */ = {isa = PBXFileReference; explicitFileType = wrapper.cfbundle; includeInIndex = 0; path = DataLayerTests.xctest; sourceTree = BUILT_PRODUCTS_DIR; };
		090360032C2D982400B938F8 /* WeatherEndpoint.swift */ = {isa = PBXFileReference; fileEncoding = 4; lastKnownFileType = sourcecode.swift; path = WeatherEndpoint.swift; sourceTree = "<group>"; };
		090360042C2D982400B938F8 /* Endpoint.swift */ = {isa = PBXFileReference; fileEncoding = 4; lastKnownFileType = sourcecode.swift; path = Endpoint.swift; sourceTree = "<group>"; };
		090360052C2D982400B938F8 /* HTTPClient.swift */ = {isa = PBXFileReference; fileEncoding = 4; lastKnownFileType = sourcecode.swift; path = HTTPClient.swift; sourceTree = "<group>"; };
		090360062C2D982400B938F8 /* RequestMethod.swift */ = {isa = PBXFileReference; fileEncoding = 4; lastKnownFileType = sourcecode.swift; path = RequestMethod.swift; sourceTree = "<group>"; };
		090360072C2D982400B938F8 /* RequestError.swift */ = {isa = PBXFileReference; fileEncoding = 4; lastKnownFileType = sourcecode.swift; path = RequestError.swift; sourceTree = "<group>"; };
		0903600A2C2D982400B938F8 /* CurrentWeatherRemoteDataSource.swift */ = {isa = PBXFileReference; fileEncoding = 4; lastKnownFileType = sourcecode.swift; path = CurrentWeatherRemoteDataSource.swift; sourceTree = "<group>"; };
		0903600D2C2D982400B938F8 /* CurrentWeatherRequest.swift */ = {isa = PBXFileReference; fileEncoding = 4; lastKnownFileType = sourcecode.swift; path = CurrentWeatherRequest.swift; sourceTree = "<group>"; };
		0903601F2C2D9C4600B938F8 /* Factory+Container.swift */ = {isa = PBXFileReference; fileEncoding = 4; lastKnownFileType = sourcecode.swift; path = "Factory+Container.swift"; sourceTree = "<group>"; };
		0903607F2C2DA74A00B938F8 /* CurrentWeatherResponse.swift */ = {isa = PBXFileReference; lastKnownFileType = sourcecode.swift; path = CurrentWeatherResponse.swift; sourceTree = "<group>"; };
		090360822C2DAC8100B938F8 /* CurrentWeatherRemoteDataSourceProtocol.swift */ = {isa = PBXFileReference; lastKnownFileType = sourcecode.swift; path = CurrentWeatherRemoteDataSourceProtocol.swift; sourceTree = "<group>"; };
/* End PBXFileReference section */

/* Begin PBXFrameworksBuildPhase section */
		09035FB62C2D964500B938F8 /* Frameworks */ = {
			isa = PBXFrameworksBuildPhase;
			buildActionMask = 2147483647;
			files = (
				09035FD32C2D96FC00B938F8 /* Factory in Frameworks */,
			);
			runOnlyForDeploymentPostprocessing = 0;
		};
		09035FBE2C2D964500B938F8 /* Frameworks */ = {
			isa = PBXFrameworksBuildPhase;
			buildActionMask = 2147483647;
			files = (
				09035FC22C2D964500B938F8 /* DataLayer.framework in Frameworks */,
			);
			runOnlyForDeploymentPostprocessing = 0;
		};
/* End PBXFrameworksBuildPhase section */

/* Begin PBXGroup section */
		09035FAF2C2D964500B938F8 = {
			isa = PBXGroup;
			children = (
				090360082C2D982400B938F8 /* DataSource */,
				0903600B2C2D982400B938F8 /* Entity */,
				090360012C2D982400B938F8 /* Networking */,
				09035FBA2C2D964500B938F8 /* Products */,
			);
			sourceTree = "<group>";
		};
		09035FBA2C2D964500B938F8 /* Products */ = {
			isa = PBXGroup;
			children = (
				09035FB92C2D964500B938F8 /* DataLayer.framework */,
				09035FC12C2D964500B938F8 /* DataLayerTests.xctest */,
			);
			name = Products;
			sourceTree = "<group>";
		};
		090360012C2D982400B938F8 /* Networking */ = {
			isa = PBXGroup;
			children = (
				090360022C2D982400B938F8 /* Endpoints */,
				090360052C2D982400B938F8 /* HTTPClient.swift */,
				090360062C2D982400B938F8 /* RequestMethod.swift */,
				090360072C2D982400B938F8 /* RequestError.swift */,
			);
			path = Networking;
			sourceTree = "<group>";
		};
		090360022C2D982400B938F8 /* Endpoints */ = {
			isa = PBXGroup;
			children = (
				090360032C2D982400B938F8 /* WeatherEndpoint.swift */,
				090360042C2D982400B938F8 /* Endpoint.swift */,
			);
			path = Endpoints;
			sourceTree = "<group>";
		};
		090360082C2D982400B938F8 /* DataSource */ = {
			isa = PBXGroup;
			children = (
				090360812C2DAC7000B938F8 /* Protocol */,
				090360212C2D9C4D00B938F8 /* DI */,
				090360092C2D982400B938F8 /* Network */,
			);
			path = DataSource;
			sourceTree = "<group>";
		};
		090360092C2D982400B938F8 /* Network */ = {
			isa = PBXGroup;
			children = (
				0903600A2C2D982400B938F8 /* CurrentWeatherRemoteDataSource.swift */,
			);
			path = Network;
			sourceTree = "<group>";
		};
		0903600B2C2D982400B938F8 /* Entity */ = {
			isa = PBXGroup;
			children = (
				0903607E2C2DA5E900B938F8 /* Response */,
				0903600C2C2D982400B938F8 /* Request */,
			);
			path = Entity;
			sourceTree = "<group>";
		};
		0903600C2C2D982400B938F8 /* Request */ = {
			isa = PBXGroup;
			children = (
				0903600D2C2D982400B938F8 /* CurrentWeatherRequest.swift */,
			);
			path = Request;
			sourceTree = "<group>";
		};
		090360212C2D9C4D00B938F8 /* DI */ = {
			isa = PBXGroup;
			children = (
				0903601F2C2D9C4600B938F8 /* Factory+Container.swift */,
			);
			path = DI;
			sourceTree = "<group>";
		};
		0903607E2C2DA5E900B938F8 /* Response */ = {
			isa = PBXGroup;
			children = (
				0903607F2C2DA74A00B938F8 /* CurrentWeatherResponse.swift */,
			);
			path = Response;
			sourceTree = "<group>";
		};
		090360812C2DAC7000B938F8 /* Protocol */ = {
			isa = PBXGroup;
			children = (
				090360822C2DAC8100B938F8 /* CurrentWeatherRemoteDataSourceProtocol.swift */,
			);
			path = Protocol;
			sourceTree = "<group>";
		};
/* End PBXGroup section */

/* Begin PBXHeadersBuildPhase section */
		09035FB42C2D964500B938F8 /* Headers */ = {
			isa = PBXHeadersBuildPhase;
			buildActionMask = 2147483647;
			files = (
			);
			runOnlyForDeploymentPostprocessing = 0;
		};
/* End PBXHeadersBuildPhase section */

/* Begin PBXNativeTarget section */
		09035FB82C2D964500B938F8 /* DataLayer */ = {
			isa = PBXNativeTarget;
			buildConfigurationList = 09035FCB2C2D964500B938F8 /* Build configuration list for PBXNativeTarget "DataLayer" */;
			buildPhases = (
				09035FB42C2D964500B938F8 /* Headers */,
				09035FB52C2D964500B938F8 /* Sources */,
				09035FB62C2D964500B938F8 /* Frameworks */,
				09035FB72C2D964500B938F8 /* Resources */,
			);
			buildRules = (
			);
			dependencies = (
			);
			name = DataLayer;
			packageProductDependencies = (
				09035FD22C2D96FC00B938F8 /* Factory */,
			);
			productName = DataLayer;
			productReference = 09035FB92C2D964500B938F8 /* DataLayer.framework */;
			productType = "com.apple.product-type.framework";
		};
		09035FC02C2D964500B938F8 /* DataLayerTests */ = {
			isa = PBXNativeTarget;
			buildConfigurationList = 09035FCE2C2D964500B938F8 /* Build configuration list for PBXNativeTarget "DataLayerTests" */;
			buildPhases = (
				09035FBD2C2D964500B938F8 /* Sources */,
				09035FBE2C2D964500B938F8 /* Frameworks */,
				09035FBF2C2D964500B938F8 /* Resources */,
			);
			buildRules = (
			);
			dependencies = (
				09035FC42C2D964500B938F8 /* PBXTargetDependency */,
			);
			name = DataLayerTests;
			productName = DataLayerTests;
			productReference = 09035FC12C2D964500B938F8 /* DataLayerTests.xctest */;
			productType = "com.apple.product-type.bundle.unit-test";
		};
/* End PBXNativeTarget section */

/* Begin PBXProject section */
		09035FB02C2D964500B938F8 /* Project object */ = {
			isa = PBXProject;
			attributes = {
				BuildIndependentTargetsInParallel = 1;
				LastSwiftUpdateCheck = 1520;
				LastUpgradeCheck = 1520;
				TargetAttributes = {
					09035FB82C2D964500B938F8 = {
						CreatedOnToolsVersion = 15.2;
					};
					09035FC02C2D964500B938F8 = {
						CreatedOnToolsVersion = 15.2;
					};
				};
			};
			buildConfigurationList = 09035FB32C2D964500B938F8 /* Build configuration list for PBXProject "DataLayer" */;
			compatibilityVersion = "Xcode 14.0";
			developmentRegion = en;
			hasScannedForEncodings = 0;
			knownRegions = (
				en,
				Base,
			);
			mainGroup = 09035FAF2C2D964500B938F8;
			packageReferences = (
				09035FD12C2D96FC00B938F8 /* XCRemoteSwiftPackageReference "Factory" */,
			);
			productRefGroup = 09035FBA2C2D964500B938F8 /* Products */;
			projectDirPath = "";
			projectRoot = "";
			targets = (
				09035FB82C2D964500B938F8 /* DataLayer */,
				09035FC02C2D964500B938F8 /* DataLayerTests */,
			);
		};
/* End PBXProject section */

/* Begin PBXResourcesBuildPhase section */
		09035FB72C2D964500B938F8 /* Resources */ = {
			isa = PBXResourcesBuildPhase;
			buildActionMask = 2147483647;
			files = (
			);
			runOnlyForDeploymentPostprocessing = 0;
		};
		09035FBF2C2D964500B938F8 /* Resources */ = {
			isa = PBXResourcesBuildPhase;
			buildActionMask = 2147483647;
			files = (
			);
			runOnlyForDeploymentPostprocessing = 0;
		};
/* End PBXResourcesBuildPhase section */

/* Begin PBXSourcesBuildPhase section */
		09035FB52C2D964500B938F8 /* Sources */ = {
			isa = PBXSourcesBuildPhase;
			buildActionMask = 2147483647;
			files = (
				090360112C2D982400B938F8 /* RequestMethod.swift in Sources */,
				090360832C2DAC8100B938F8 /* CurrentWeatherRemoteDataSourceProtocol.swift in Sources */,
				090360122C2D982400B938F8 /* RequestError.swift in Sources */,
				090360142C2D982400B938F8 /* CurrentWeatherRequest.swift in Sources */,
				090360802C2DA74A00B938F8 /* CurrentWeatherResponse.swift in Sources */,
				0903600F2C2D982400B938F8 /* Endpoint.swift in Sources */,
				090360132C2D982400B938F8 /* CurrentWeatherRemoteDataSource.swift in Sources */,
				0903600E2C2D982400B938F8 /* WeatherEndpoint.swift in Sources */,
				090360202C2D9C4600B938F8 /* Factory+Container.swift in Sources */,
				090360102C2D982400B938F8 /* HTTPClient.swift in Sources */,
			);
			runOnlyForDeploymentPostprocessing = 0;
		};
		09035FBD2C2D964500B938F8 /* Sources */ = {
			isa = PBXSourcesBuildPhase;
			buildActionMask = 2147483647;
			files = (
			);
			runOnlyForDeploymentPostprocessing = 0;
		};
/* End PBXSourcesBuildPhase section */

/* Begin PBXTargetDependency section */
		09035FC42C2D964500B938F8 /* PBXTargetDependency */ = {
			isa = PBXTargetDependency;
			target = 09035FB82C2D964500B938F8 /* DataLayer */;
			targetProxy = 09035FC32C2D964500B938F8 /* PBXContainerItemProxy */;
		};
/* End PBXTargetDependency section */

/* Begin XCBuildConfiguration section */
		09035FC92C2D964500B938F8 /* Debug */ = {
			isa = XCBuildConfiguration;
			buildSettings = {
				ALWAYS_SEARCH_USER_PATHS = NO;
				ASSETCATALOG_COMPILER_GENERATE_SWIFT_ASSET_SYMBOL_EXTENSIONS = YES;
				CLANG_ANALYZER_NONNULL = YES;
				CLANG_ANALYZER_NUMBER_OBJECT_CONVERSION = YES_AGGRESSIVE;
				CLANG_CXX_LANGUAGE_STANDARD = "gnu++20";
				CLANG_ENABLE_MODULES = YES;
				CLANG_ENABLE_OBJC_ARC = YES;
				CLANG_ENABLE_OBJC_WEAK = YES;
				CLANG_WARN_BLOCK_CAPTURE_AUTORELEASING = YES;
				CLANG_WARN_BOOL_CONVERSION = YES;
				CLANG_WARN_COMMA = YES;
				CLANG_WARN_CONSTANT_CONVERSION = YES;
				CLANG_WARN_DEPRECATED_OBJC_IMPLEMENTATIONS = YES;
				CLANG_WARN_DIRECT_OBJC_ISA_USAGE = YES_ERROR;
				CLANG_WARN_DOCUMENTATION_COMMENTS = YES;
				CLANG_WARN_EMPTY_BODY = YES;
				CLANG_WARN_ENUM_CONVERSION = YES;
				CLANG_WARN_INFINITE_RECURSION = YES;
				CLANG_WARN_INT_CONVERSION = YES;
				CLANG_WARN_NON_LITERAL_NULL_CONVERSION = YES;
				CLANG_WARN_OBJC_IMPLICIT_RETAIN_SELF = YES;
				CLANG_WARN_OBJC_LITERAL_CONVERSION = YES;
				CLANG_WARN_OBJC_ROOT_CLASS = YES_ERROR;
				CLANG_WARN_QUOTED_INCLUDE_IN_FRAMEWORK_HEADER = YES;
				CLANG_WARN_RANGE_LOOP_ANALYSIS = YES;
				CLANG_WARN_STRICT_PROTOTYPES = YES;
				CLANG_WARN_SUSPICIOUS_MOVE = YES;
				CLANG_WARN_UNGUARDED_AVAILABILITY = YES_AGGRESSIVE;
				CLANG_WARN_UNREACHABLE_CODE = YES;
				CLANG_WARN__DUPLICATE_METHOD_MATCH = YES;
				COPY_PHASE_STRIP = NO;
				CURRENT_PROJECT_VERSION = 1;
				DEBUG_INFORMATION_FORMAT = dwarf;
				ENABLE_STRICT_OBJC_MSGSEND = YES;
				ENABLE_TESTABILITY = YES;
				ENABLE_USER_SCRIPT_SANDBOXING = YES;
				GCC_C_LANGUAGE_STANDARD = gnu17;
				GCC_DYNAMIC_NO_PIC = NO;
				GCC_NO_COMMON_BLOCKS = YES;
				GCC_OPTIMIZATION_LEVEL = 0;
				GCC_PREPROCESSOR_DEFINITIONS = (
					"DEBUG=1",
					"$(inherited)",
				);
				GCC_WARN_64_TO_32_BIT_CONVERSION = YES;
				GCC_WARN_ABOUT_RETURN_TYPE = YES_ERROR;
				GCC_WARN_UNDECLARED_SELECTOR = YES;
				GCC_WARN_UNINITIALIZED_AUTOS = YES_AGGRESSIVE;
				GCC_WARN_UNUSED_FUNCTION = YES;
				GCC_WARN_UNUSED_VARIABLE = YES;
				IPHONEOS_DEPLOYMENT_TARGET = 17.2;
				LOCALIZATION_PREFERS_STRING_CATALOGS = YES;
				MTL_ENABLE_DEBUG_INFO = INCLUDE_SOURCE;
				MTL_FAST_MATH = YES;
				ONLY_ACTIVE_ARCH = YES;
				SDKROOT = iphoneos;
				SWIFT_ACTIVE_COMPILATION_CONDITIONS = "DEBUG $(inherited)";
				SWIFT_OPTIMIZATION_LEVEL = "-Onone";
				VERSIONING_SYSTEM = "apple-generic";
				VERSION_INFO_PREFIX = "";
			};
			name = Debug;
		};
		09035FCA2C2D964500B938F8 /* Release */ = {
			isa = XCBuildConfiguration;
			buildSettings = {
				ALWAYS_SEARCH_USER_PATHS = NO;
				ASSETCATALOG_COMPILER_GENERATE_SWIFT_ASSET_SYMBOL_EXTENSIONS = YES;
				CLANG_ANALYZER_NONNULL = YES;
				CLANG_ANALYZER_NUMBER_OBJECT_CONVERSION = YES_AGGRESSIVE;
				CLANG_CXX_LANGUAGE_STANDARD = "gnu++20";
				CLANG_ENABLE_MODULES = YES;
				CLANG_ENABLE_OBJC_ARC = YES;
				CLANG_ENABLE_OBJC_WEAK = YES;
				CLANG_WARN_BLOCK_CAPTURE_AUTORELEASING = YES;
				CLANG_WARN_BOOL_CONVERSION = YES;
				CLANG_WARN_COMMA = YES;
				CLANG_WARN_CONSTANT_CONVERSION = YES;
				CLANG_WARN_DEPRECATED_OBJC_IMPLEMENTATIONS = YES;
				CLANG_WARN_DIRECT_OBJC_ISA_USAGE = YES_ERROR;
				CLANG_WARN_DOCUMENTATION_COMMENTS = YES;
				CLANG_WARN_EMPTY_BODY = YES;
				CLANG_WARN_ENUM_CONVERSION = YES;
				CLANG_WARN_INFINITE_RECURSION = YES;
				CLANG_WARN_INT_CONVERSION = YES;
				CLANG_WARN_NON_LITERAL_NULL_CONVERSION = YES;
				CLANG_WARN_OBJC_IMPLICIT_RETAIN_SELF = YES;
				CLANG_WARN_OBJC_LITERAL_CONVERSION = YES;
				CLANG_WARN_OBJC_ROOT_CLASS = YES_ERROR;
				CLANG_WARN_QUOTED_INCLUDE_IN_FRAMEWORK_HEADER = YES;
				CLANG_WARN_RANGE_LOOP_ANALYSIS = YES;
				CLANG_WARN_STRICT_PROTOTYPES = YES;
				CLANG_WARN_SUSPICIOUS_MOVE = YES;
				CLANG_WARN_UNGUARDED_AVAILABILITY = YES_AGGRESSIVE;
				CLANG_WARN_UNREACHABLE_CODE = YES;
				CLANG_WARN__DUPLICATE_METHOD_MATCH = YES;
				COPY_PHASE_STRIP = NO;
				CURRENT_PROJECT_VERSION = 1;
				DEBUG_INFORMATION_FORMAT = "dwarf-with-dsym";
				ENABLE_NS_ASSERTIONS = NO;
				ENABLE_STRICT_OBJC_MSGSEND = YES;
				ENABLE_USER_SCRIPT_SANDBOXING = YES;
				GCC_C_LANGUAGE_STANDARD = gnu17;
				GCC_NO_COMMON_BLOCKS = YES;
				GCC_WARN_64_TO_32_BIT_CONVERSION = YES;
				GCC_WARN_ABOUT_RETURN_TYPE = YES_ERROR;
				GCC_WARN_UNDECLARED_SELECTOR = YES;
				GCC_WARN_UNINITIALIZED_AUTOS = YES_AGGRESSIVE;
				GCC_WARN_UNUSED_FUNCTION = YES;
				GCC_WARN_UNUSED_VARIABLE = YES;
				IPHONEOS_DEPLOYMENT_TARGET = 17.2;
				LOCALIZATION_PREFERS_STRING_CATALOGS = YES;
				MTL_ENABLE_DEBUG_INFO = NO;
				MTL_FAST_MATH = YES;
				SDKROOT = iphoneos;
				SWIFT_COMPILATION_MODE = wholemodule;
				VALIDATE_PRODUCT = YES;
				VERSIONING_SYSTEM = "apple-generic";
				VERSION_INFO_PREFIX = "";
			};
			name = Release;
		};
		09035FCC2C2D964500B938F8 /* Debug */ = {
			isa = XCBuildConfiguration;
			buildSettings = {
				CODE_SIGN_STYLE = Automatic;
				CURRENT_PROJECT_VERSION = 1;
				DEFINES_MODULE = YES;
				DYLIB_COMPATIBILITY_VERSION = 1;
				DYLIB_CURRENT_VERSION = 1;
				DYLIB_INSTALL_NAME_BASE = "@rpath";
				ENABLE_MODULE_VERIFIER = YES;
				GENERATE_INFOPLIST_FILE = YES;
				INFOPLIST_KEY_NSHumanReadableCopyright = "";
				INSTALL_PATH = "$(LOCAL_LIBRARY_DIR)/Frameworks";
				IPHONEOS_DEPLOYMENT_TARGET = 17;
				LD_RUNPATH_SEARCH_PATHS = (
					"$(inherited)",
					"@executable_path/Frameworks",
					"@loader_path/Frameworks",
				);
				MARKETING_VERSION = 1.0;
				MODULE_VERIFIER_SUPPORTED_LANGUAGES = "objective-c objective-c++";
				MODULE_VERIFIER_SUPPORTED_LANGUAGE_STANDARDS = "gnu17 gnu++20";
				PRODUCT_BUNDLE_IDENTIFIER = com.gutnorbert.DataLayer;
				PRODUCT_NAME = "$(TARGET_NAME:c99extidentifier)";
				SKIP_INSTALL = YES;
				SWIFT_EMIT_LOC_STRINGS = YES;
				SWIFT_VERSION = 5.0;
				TARGETED_DEVICE_FAMILY = "1,2";
			};
			name = Debug;
		};
		09035FCD2C2D964500B938F8 /* Release */ = {
			isa = XCBuildConfiguration;
			buildSettings = {
				CODE_SIGN_STYLE = Automatic;
				CURRENT_PROJECT_VERSION = 1;
				DEFINES_MODULE = YES;
				DYLIB_COMPATIBILITY_VERSION = 1;
				DYLIB_CURRENT_VERSION = 1;
				DYLIB_INSTALL_NAME_BASE = "@rpath";
				ENABLE_MODULE_VERIFIER = YES;
				GENERATE_INFOPLIST_FILE = YES;
				INFOPLIST_KEY_NSHumanReadableCopyright = "";
				INSTALL_PATH = "$(LOCAL_LIBRARY_DIR)/Frameworks";
				IPHONEOS_DEPLOYMENT_TARGET = 17;
				LD_RUNPATH_SEARCH_PATHS = (
					"$(inherited)",
					"@executable_path/Frameworks",
					"@loader_path/Frameworks",
				);
				MARKETING_VERSION = 1.0;
				MODULE_VERIFIER_SUPPORTED_LANGUAGES = "objective-c objective-c++";
				MODULE_VERIFIER_SUPPORTED_LANGUAGE_STANDARDS = "gnu17 gnu++20";
				PRODUCT_BUNDLE_IDENTIFIER = com.gutnorbert.DataLayer;
				PRODUCT_NAME = "$(TARGET_NAME:c99extidentifier)";
				SKIP_INSTALL = YES;
				SWIFT_EMIT_LOC_STRINGS = YES;
				SWIFT_VERSION = 5.0;
				TARGETED_DEVICE_FAMILY = "1,2";
			};
			name = Release;
		};
		09035FCF2C2D964500B938F8 /* Debug */ = {
			isa = XCBuildConfiguration;
			buildSettings = {
				ALWAYS_EMBED_SWIFT_STANDARD_LIBRARIES = YES;
				CODE_SIGN_STYLE = Automatic;
				CURRENT_PROJECT_VERSION = 1;
				GENERATE_INFOPLIST_FILE = YES;
				MARKETING_VERSION = 1.0;
				PRODUCT_BUNDLE_IDENTIFIER = com.gutnorbert.DataLayerTests;
				PRODUCT_NAME = "$(TARGET_NAME)";
				SWIFT_EMIT_LOC_STRINGS = NO;
				SWIFT_VERSION = 5.0;
				TARGETED_DEVICE_FAMILY = "1,2";
			};
			name = Debug;
		};
		09035FD02C2D964500B938F8 /* Release */ = {
			isa = XCBuildConfiguration;
			buildSettings = {
				ALWAYS_EMBED_SWIFT_STANDARD_LIBRARIES = YES;
				CODE_SIGN_STYLE = Automatic;
				CURRENT_PROJECT_VERSION = 1;
				GENERATE_INFOPLIST_FILE = YES;
				MARKETING_VERSION = 1.0;
				PRODUCT_BUNDLE_IDENTIFIER = com.gutnorbert.DataLayerTests;
				PRODUCT_NAME = "$(TARGET_NAME)";
				SWIFT_EMIT_LOC_STRINGS = NO;
				SWIFT_VERSION = 5.0;
				TARGETED_DEVICE_FAMILY = "1,2";
			};
			name = Release;
		};
/* End XCBuildConfiguration section */

/* Begin XCConfigurationList section */
		09035FB32C2D964500B938F8 /* Build configuration list for PBXProject "DataLayer" */ = {
			isa = XCConfigurationList;
			buildConfigurations = (
				09035FC92C2D964500B938F8 /* Debug */,
				09035FCA2C2D964500B938F8 /* Release */,
			);
			defaultConfigurationIsVisible = 0;
			defaultConfigurationName = Release;
		};
		09035FCB2C2D964500B938F8 /* Build configuration list for PBXNativeTarget "DataLayer" */ = {
			isa = XCConfigurationList;
			buildConfigurations = (
				09035FCC2C2D964500B938F8 /* Debug */,
				09035FCD2C2D964500B938F8 /* Release */,
			);
			defaultConfigurationIsVisible = 0;
			defaultConfigurationName = Release;
		};
		09035FCE2C2D964500B938F8 /* Build configuration list for PBXNativeTarget "DataLayerTests" */ = {
			isa = XCConfigurationList;
			buildConfigurations = (
				09035FCF2C2D964500B938F8 /* Debug */,
				09035FD02C2D964500B938F8 /* Release */,
			);
			defaultConfigurationIsVisible = 0;
			defaultConfigurationName = Release;
		};
/* End XCConfigurationList section */

/* Begin XCRemoteSwiftPackageReference section */
		09035FD12C2D96FC00B938F8 /* XCRemoteSwiftPackageReference "Factory" */ = {
			isa = XCRemoteSwiftPackageReference;
			repositoryURL = "https://github.com/hmlongco/Factory";
			requirement = {
				kind = upToNextMajorVersion;
				minimumVersion = 2.3.2;
			};
		};
/* End XCRemoteSwiftPackageReference section */

/* Begin XCSwiftPackageProductDependency section */
		09035FD22C2D96FC00B938F8 /* Factory */ = {
			isa = XCSwiftPackageProductDependency;
			package = 09035FD12C2D96FC00B938F8 /* XCRemoteSwiftPackageReference "Factory" */;
			productName = Factory;
		};
/* End XCSwiftPackageProductDependency section */
	};
	rootObject = 09035FB02C2D964500B938F8 /* Project object */;
}
