// !$*UTF8*$!
{
	archiveVersion = 1;
	classes = {
	};
	objectVersion = 56;
	objects = {

/* Begin PBXBuildFile section */
		09035F632C2D678300B938F8 /* WeatherAppApp.swift in Sources */ = {isa = PBXBuildFile; fileRef = 09035F622C2D678300B938F8 /* WeatherAppApp.swift */; };
		0960A5842C34292F0045820D /* DataLayer in Frameworks */ = {isa = PBXBuildFile; productRef = 0960A5832C34292F0045820D /* DataLayer */; };
		0960A5862C34292F0045820D /* DomainLayer in Frameworks */ = {isa = PBXBuildFile; productRef = 0960A5852C34292F0045820D /* DomainLayer */; };
		0960A5892C354EF40045820D /* PresentationLayer in Frameworks */ = {isa = PBXBuildFile; productRef = 0960A5882C354EF40045820D /* PresentationLayer */; };
		0960A5A22C358C030045820D /* DI+Presentation.swift in Sources */ = {isa = PBXBuildFile; fileRef = 0960A5A12C358C030045820D /* DI+Presentation.swift */; };
		097A79ED2C400E73004D82C1 /* DI+Domain.swift in Sources */ = {isa = PBXBuildFile; fileRef = 097A79EC2C400E73004D82C1 /* DI+Domain.swift */; };
		097A79EF2C400EF8004D82C1 /* DI+Services.swift in Sources */ = {isa = PBXBuildFile; fileRef = 097A79EE2C400EF8004D82C1 /* DI+Services.swift */; };
		097A79F22C401083004D82C1 /* DI+Data.swift in Sources */ = {isa = PBXBuildFile; fileRef = 097A79F12C401083004D82C1 /* DI+Data.swift */; };
		098D93B02C33FAA9006CBB60 /* Factory in Frameworks */ = {isa = PBXBuildFile; productRef = 098D93AF2C33FAA9006CBB60 /* Factory */; };
/* End PBXBuildFile section */

/* Begin PBXContainerItemProxy section */
		09035F702C2D678400B938F8 /* PBXContainerItemProxy */ = {
			isa = PBXContainerItemProxy;
			containerPortal = 09035F572C2D678200B938F8 /* Project object */;
			proxyType = 1;
			remoteGlobalIDString = 09035F5E2C2D678300B938F8;
			remoteInfo = WeatherApp;
		};
		09035F7A2C2D678400B938F8 /* PBXContainerItemProxy */ = {
			isa = PBXContainerItemProxy;
			containerPortal = 09035F572C2D678200B938F8 /* Project object */;
			proxyType = 1;
			remoteGlobalIDString = 09035F5E2C2D678300B938F8;
			remoteInfo = WeatherApp;
		};
/* End PBXContainerItemProxy section */

/* Begin PBXFileReference section */
		09035F622C2D678300B938F8 /* WeatherAppApp.swift */ = {isa = PBXFileReference; lastKnownFileType = sourcecode.swift; path = WeatherAppApp.swift; sourceTree = "<group>"; };
		094BDA212C3C17DD00C59547 /* WeatherApp.app */ = {isa = PBXFileReference; explicitFileType = wrapper.application; includeInIndex = 0; path = WeatherApp.app; sourceTree = BUILT_PRODUCTS_DIR; };
		094BDA222C3C17DD00C59547 /* WeatherAppTests.xctest */ = {isa = PBXFileReference; explicitFileType = wrapper.cfbundle; includeInIndex = 0; path = WeatherAppTests.xctest; sourceTree = BUILT_PRODUCTS_DIR; };
		094BDA232C3C17DD00C59547 /* WeatherAppUITests.xctest */ = {isa = PBXFileReference; explicitFileType = wrapper.cfbundle; includeInIndex = 0; path = WeatherAppUITests.xctest; sourceTree = BUILT_PRODUCTS_DIR; };
		0960A57F2C3424210045820D /* DomainLayer */ = {isa = PBXFileReference; lastKnownFileType = wrapper; name = DomainLayer; path = ../DomainLayer; sourceTree = "<group>"; };
		0960A5812C3428BB0045820D /* DataLayer */ = {isa = PBXFileReference; lastKnownFileType = wrapper; name = DataLayer; path = ../DataLayer; sourceTree = "<group>"; };
		0960A5872C354B460045820D /* PresentationLayer */ = {isa = PBXFileReference; lastKnownFileType = wrapper; name = PresentationLayer; path = ../PresentationLayer; sourceTree = "<group>"; };
		0960A5A12C358C030045820D /* DI+Presentation.swift */ = {isa = PBXFileReference; lastKnownFileType = sourcecode.swift; path = "DI+Presentation.swift"; sourceTree = "<group>"; };
		097A79EC2C400E73004D82C1 /* DI+Domain.swift */ = {isa = PBXFileReference; lastKnownFileType = sourcecode.swift; path = "DI+Domain.swift"; sourceTree = "<group>"; };
		097A79EE2C400EF8004D82C1 /* DI+Services.swift */ = {isa = PBXFileReference; lastKnownFileType = sourcecode.swift; path = "DI+Services.swift"; sourceTree = "<group>"; };
		097A79F12C401083004D82C1 /* DI+Data.swift */ = {isa = PBXFileReference; lastKnownFileType = sourcecode.swift; path = "DI+Data.swift"; sourceTree = "<group>"; };
		098D93E12C33FE53006CBB60 /* Info.plist */ = {isa = PBXFileReference; lastKnownFileType = text.plist; path = Info.plist; sourceTree = "<group>"; };
/* End PBXFileReference section */

/* Begin PBXFrameworksBuildPhase section */
		09035F5C2C2D678300B938F8 /* Frameworks */ = {
			isa = PBXFrameworksBuildPhase;
			buildActionMask = 2147483647;
			files = (
				0960A5842C34292F0045820D /* DataLayer in Frameworks */,
				098D93B02C33FAA9006CBB60 /* Factory in Frameworks */,
				0960A5892C354EF40045820D /* PresentationLayer in Frameworks */,
				0960A5862C34292F0045820D /* DomainLayer in Frameworks */,
			);
			runOnlyForDeploymentPostprocessing = 0;
		};
		09035F6C2C2D678400B938F8 /* Frameworks */ = {
			isa = PBXFrameworksBuildPhase;
			buildActionMask = 2147483647;
			files = (
			);
			runOnlyForDeploymentPostprocessing = 0;
		};
		09035F762C2D678400B938F8 /* Frameworks */ = {
			isa = PBXFrameworksBuildPhase;
			buildActionMask = 2147483647;
			files = (
			);
			runOnlyForDeploymentPostprocessing = 0;
		};
/* End PBXFrameworksBuildPhase section */

/* Begin PBXGroup section */
		09035F562C2D678200B938F8 = {
			isa = PBXGroup;
			children = (
				0960A5872C354B460045820D /* PresentationLayer */,
				0960A5812C3428BB0045820D /* DataLayer */,
				0960A57F2C3424210045820D /* DomainLayer */,
				09035F612C2D678300B938F8 /* WeatherApp */,
				094BDA212C3C17DD00C59547 /* WeatherApp.app */,
				094BDA222C3C17DD00C59547 /* WeatherAppTests.xctest */,
				094BDA232C3C17DD00C59547 /* WeatherAppUITests.xctest */,
			);
			sourceTree = "<group>";
		};
		09035F612C2D678300B938F8 /* WeatherApp */ = {
			isa = PBXGroup;
			children = (
				098D93E12C33FE53006CBB60 /* Info.plist */,
				09035F8C2C2D68EE00B938F8 /* Application */,
			);
			path = WeatherApp;
			sourceTree = "<group>";
		};
		09035F8C2C2D68EE00B938F8 /* Application */ = {
			isa = PBXGroup;
			children = (
				0960A5A02C358BEF0045820D /* DI */,
				09035F962C2D6B5D00B938F8 /* View */,
			);
			path = Application;
			sourceTree = "<group>";
		};
		09035F962C2D6B5D00B938F8 /* View */ = {
			isa = PBXGroup;
			children = (
				09035F622C2D678300B938F8 /* WeatherAppApp.swift */,
			);
			path = View;
			sourceTree = "<group>";
		};
		0960A5A02C358BEF0045820D /* DI */ = {
			isa = PBXGroup;
			children = (
				0960A5A12C358C030045820D /* DI+Presentation.swift */,
				097A79EC2C400E73004D82C1 /* DI+Domain.swift */,
				097A79EE2C400EF8004D82C1 /* DI+Services.swift */,
				097A79F12C401083004D82C1 /* DI+Data.swift */,
			);
			path = DI;
			sourceTree = "<group>";
		};
/* End PBXGroup section */

/* Begin PBXNativeTarget section */
		09035F5E2C2D678300B938F8 /* WeatherApp */ = {
			isa = PBXNativeTarget;
			buildConfigurationList = 09035F832C2D678400B938F8 /* Build configuration list for PBXNativeTarget "WeatherApp" */;
			buildPhases = (
				09035F5B2C2D678300B938F8 /* Sources */,
				09035F5C2C2D678300B938F8 /* Frameworks */,
				09035F5D2C2D678300B938F8 /* Resources */,
			);
			buildRules = (
			);
			dependencies = (
			);
			name = WeatherApp;
			packageProductDependencies = (
				098D93AF2C33FAA9006CBB60 /* Factory */,
				0960A5832C34292F0045820D /* DataLayer */,
				0960A5852C34292F0045820D /* DomainLayer */,
				0960A5882C354EF40045820D /* PresentationLayer */,
			);
			productName = WeatherApp;
			productReference = 094BDA212C3C17DD00C59547 /* WeatherApp.app */;
			productType = "com.apple.product-type.application";
		};
		09035F6E2C2D678400B938F8 /* WeatherAppTests */ = {
			isa = PBXNativeTarget;
			buildConfigurationList = 09035F862C2D678400B938F8 /* Build configuration list for PBXNativeTarget "WeatherAppTests" */;
			buildPhases = (
				09035F6B2C2D678400B938F8 /* Sources */,
				09035F6C2C2D678400B938F8 /* Frameworks */,
				09035F6D2C2D678400B938F8 /* Resources */,
			);
			buildRules = (
			);
			dependencies = (
				09035F712C2D678400B938F8 /* PBXTargetDependency */,
			);
			name = WeatherAppTests;
			productName = WeatherAppTests;
			productReference = 094BDA222C3C17DD00C59547 /* WeatherAppTests.xctest */;
			productType = "com.apple.product-type.bundle.unit-test";
		};
		09035F782C2D678400B938F8 /* WeatherAppUITests */ = {
			isa = PBXNativeTarget;
			buildConfigurationList = 09035F892C2D678400B938F8 /* Build configuration list for PBXNativeTarget "WeatherAppUITests" */;
			buildPhases = (
				09035F752C2D678400B938F8 /* Sources */,
				09035F762C2D678400B938F8 /* Frameworks */,
				09035F772C2D678400B938F8 /* Resources */,
			);
			buildRules = (
			);
			dependencies = (
				09035F7B2C2D678400B938F8 /* PBXTargetDependency */,
			);
			name = WeatherAppUITests;
			productName = WeatherAppUITests;
			productReference = 094BDA232C3C17DD00C59547 /* WeatherAppUITests.xctest */;
			productType = "com.apple.product-type.bundle.ui-testing";
		};
/* End PBXNativeTarget section */

/* Begin PBXProject section */
		09035F572C2D678200B938F8 /* Project object */ = {
			isa = PBXProject;
			attributes = {
				BuildIndependentTargetsInParallel = 1;
				LastSwiftUpdateCheck = 1520;
				LastUpgradeCheck = 1520;
				TargetAttributes = {
					09035F5E2C2D678300B938F8 = {
						CreatedOnToolsVersion = 15.2;
					};
					09035F6E2C2D678400B938F8 = {
						CreatedOnToolsVersion = 15.2;
						TestTargetID = 09035F5E2C2D678300B938F8;
					};
					09035F782C2D678400B938F8 = {
						CreatedOnToolsVersion = 15.2;
						TestTargetID = 09035F5E2C2D678300B938F8;
					};
				};
			};
			buildConfigurationList = 09035F5A2C2D678200B938F8 /* Build configuration list for PBXProject "WeatherApp" */;
			compatibilityVersion = "Xcode 14.0";
			developmentRegion = en;
			hasScannedForEncodings = 0;
			knownRegions = (
				en,
				Base,
			);
			mainGroup = 09035F562C2D678200B938F8;
			packageReferences = (
				09035F902C2D698900B938F8 /* XCRemoteSwiftPackageReference "Factory" */,
			);
			productRefGroup = 09035F562C2D678200B938F8;
			projectDirPath = "";
			projectRoot = "";
			targets = (
				09035F5E2C2D678300B938F8 /* WeatherApp */,
				09035F6E2C2D678400B938F8 /* WeatherAppTests */,
				09035F782C2D678400B938F8 /* WeatherAppUITests */,
			);
		};
/* End PBXProject section */

/* Begin PBXResourcesBuildPhase section */
		09035F5D2C2D678300B938F8 /* Resources */ = {
			isa = PBXResourcesBuildPhase;
			buildActionMask = 2147483647;
			files = (
			);
			runOnlyForDeploymentPostprocessing = 0;
		};
		09035F6D2C2D678400B938F8 /* Resources */ = {
			isa = PBXResourcesBuildPhase;
			buildActionMask = 2147483647;
			files = (
			);
			runOnlyForDeploymentPostprocessing = 0;
		};
		09035F772C2D678400B938F8 /* Resources */ = {
			isa = PBXResourcesBuildPhase;
			buildActionMask = 2147483647;
			files = (
			);
			runOnlyForDeploymentPostprocessing = 0;
		};
/* End PBXResourcesBuildPhase section */

/* Begin PBXSourcesBuildPhase section */
		09035F5B2C2D678300B938F8 /* Sources */ = {
			isa = PBXSourcesBuildPhase;
			buildActionMask = 2147483647;
			files = (
				097A79EF2C400EF8004D82C1 /* DI+Services.swift in Sources */,
				097A79ED2C400E73004D82C1 /* DI+Domain.swift in Sources */,
				0960A5A22C358C030045820D /* DI+Presentation.swift in Sources */,
				097A79F22C401083004D82C1 /* DI+Data.swift in Sources */,
				09035F632C2D678300B938F8 /* WeatherAppApp.swift in Sources */,
			);
			runOnlyForDeploymentPostprocessing = 0;
		};
		09035F6B2C2D678400B938F8 /* Sources */ = {
			isa = PBXSourcesBuildPhase;
			buildActionMask = 2147483647;
			files = (
			);
			runOnlyForDeploymentPostprocessing = 0;
		};
		09035F752C2D678400B938F8 /* Sources */ = {
			isa = PBXSourcesBuildPhase;
			buildActionMask = 2147483647;
			files = (
			);
			runOnlyForDeploymentPostprocessing = 0;
		};
/* End PBXSourcesBuildPhase section */

/* Begin PBXTargetDependency section */
		09035F712C2D678400B938F8 /* PBXTargetDependency */ = {
			isa = PBXTargetDependency;
			target = 09035F5E2C2D678300B938F8 /* WeatherApp */;
			targetProxy = 09035F702C2D678400B938F8 /* PBXContainerItemProxy */;
		};
		09035F7B2C2D678400B938F8 /* PBXTargetDependency */ = {
			isa = PBXTargetDependency;
			target = 09035F5E2C2D678300B938F8 /* WeatherApp */;
			targetProxy = 09035F7A2C2D678400B938F8 /* PBXContainerItemProxy */;
		};
/* End PBXTargetDependency section */

/* Begin XCBuildConfiguration section */
		09035F812C2D678400B938F8 /* Debug */ = {
			isa = XCBuildConfiguration;
			buildSettings = {
				ALWAYS_SEARCH_USER_PATHS = NO;
				ASSETCATALOG_COMPILER_GENERATE_SWIFT_ASSET_SYMBOL_EXTENSIONS = YES;
				CLANG_ANALYZER_NONNULL = YES;
				CLANG_ANALYZER_NUMBER_OBJECT_CONVERSION = YES_AGGRESSIVE;
				CLANG_CXX_LANGUAGE_STANDARD = "gnu++20";
				CLANG_ENABLE_MODULES = YES;
				CLANG_ENABLE_OBJC_ARC = YES;
				CLANG_ENABLE_OBJC_WEAK = YES;
				CLANG_WARN_BLOCK_CAPTURE_AUTORELEASING = YES;
				CLANG_WARN_BOOL_CONVERSION = YES;
				CLANG_WARN_COMMA = YES;
				CLANG_WARN_CONSTANT_CONVERSION = YES;
				CLANG_WARN_DEPRECATED_OBJC_IMPLEMENTATIONS = YES;
				CLANG_WARN_DIRECT_OBJC_ISA_USAGE = YES_ERROR;
				CLANG_WARN_DOCUMENTATION_COMMENTS = YES;
				CLANG_WARN_EMPTY_BODY = YES;
				CLANG_WARN_ENUM_CONVERSION = YES;
				CLANG_WARN_INFINITE_RECURSION = YES;
				CLANG_WARN_INT_CONVERSION = YES;
				CLANG_WARN_NON_LITERAL_NULL_CONVERSION = YES;
				CLANG_WARN_OBJC_IMPLICIT_RETAIN_SELF = YES;
				CLANG_WARN_OBJC_LITERAL_CONVERSION = YES;
				CLANG_WARN_OBJC_ROOT_CLASS = YES_ERROR;
				CLANG_WARN_QUOTED_INCLUDE_IN_FRAMEWORK_HEADER = YES;
				CLANG_WARN_RANGE_LOOP_ANALYSIS = YES;
				CLANG_WARN_STRICT_PROTOTYPES = YES;
				CLANG_WARN_SUSPICIOUS_MOVE = YES;
				CLANG_WARN_UNGUARDED_AVAILABILITY = YES_AGGRESSIVE;
				CLANG_WARN_UNREACHABLE_CODE = YES;
				CLANG_WARN__DUPLICATE_METHOD_MATCH = YES;
				COPY_PHASE_STRIP = NO;
				DEBUG_INFORMATION_FORMAT = dwarf;
				ENABLE_STRICT_OBJC_MSGSEND = YES;
				ENABLE_TESTABILITY = YES;
				ENABLE_USER_SCRIPT_SANDBOXING = YES;
				GCC_C_LANGUAGE_STANDARD = gnu17;
				GCC_DYNAMIC_NO_PIC = NO;
				GCC_NO_COMMON_BLOCKS = YES;
				GCC_OPTIMIZATION_LEVEL = 0;
				GCC_PREPROCESSOR_DEFINITIONS = (
					"DEBUG=1",
					"$(inherited)",
				);
				GCC_WARN_64_TO_32_BIT_CONVERSION = YES;
				GCC_WARN_ABOUT_RETURN_TYPE = YES_ERROR;
				GCC_WARN_UNDECLARED_SELECTOR = YES;
				GCC_WARN_UNINITIALIZED_AUTOS = YES_AGGRESSIVE;
				GCC_WARN_UNUSED_FUNCTION = YES;
				GCC_WARN_UNUSED_VARIABLE = YES;
				IPHONEOS_DEPLOYMENT_TARGET = 17.2;
				LOCALIZATION_PREFERS_STRING_CATALOGS = YES;
				MTL_ENABLE_DEBUG_INFO = INCLUDE_SOURCE;
				MTL_FAST_MATH = YES;
				ONLY_ACTIVE_ARCH = YES;
				SDKROOT = iphoneos;
				SWIFT_ACTIVE_COMPILATION_CONDITIONS = "DEBUG $(inherited)";
				SWIFT_OPTIMIZATION_LEVEL = "-Onone";
			};
			name = Debug;
		};
		09035F822C2D678400B938F8 /* Release */ = {
			isa = XCBuildConfiguration;
			buildSettings = {
				ALWAYS_SEARCH_USER_PATHS = NO;
				ASSETCATALOG_COMPILER_GENERATE_SWIFT_ASSET_SYMBOL_EXTENSIONS = YES;
				CLANG_ANALYZER_NONNULL = YES;
				CLANG_ANALYZER_NUMBER_OBJECT_CONVERSION = YES_AGGRESSIVE;
				CLANG_CXX_LANGUAGE_STANDARD = "gnu++20";
				CLANG_ENABLE_MODULES = YES;
				CLANG_ENABLE_OBJC_ARC = YES;
				CLANG_ENABLE_OBJC_WEAK = YES;
				CLANG_WARN_BLOCK_CAPTURE_AUTORELEASING = YES;
				CLANG_WARN_BOOL_CONVERSION = YES;
				CLANG_WARN_COMMA = YES;
				CLANG_WARN_CONSTANT_CONVERSION = YES;
				CLANG_WARN_DEPRECATED_OBJC_IMPLEMENTATIONS = YES;
				CLANG_WARN_DIRECT_OBJC_ISA_USAGE = YES_ERROR;
				CLANG_WARN_DOCUMENTATION_COMMENTS = YES;
				CLANG_WARN_EMPTY_BODY = YES;
				CLANG_WARN_ENUM_CONVERSION = YES;
				CLANG_WARN_INFINITE_RECURSION = YES;
				CLANG_WARN_INT_CONVERSION = YES;
				CLANG_WARN_NON_LITERAL_NULL_CONVERSION = YES;
				CLANG_WARN_OBJC_IMPLICIT_RETAIN_SELF = YES;
				CLANG_WARN_OBJC_LITERAL_CONVERSION = YES;
				CLANG_WARN_OBJC_ROOT_CLASS = YES_ERROR;
				CLANG_WARN_QUOTED_INCLUDE_IN_FRAMEWORK_HEADER = YES;
				CLANG_WARN_RANGE_LOOP_ANALYSIS = YES;
				CLANG_WARN_STRICT_PROTOTYPES = YES;
				CLANG_WARN_SUSPICIOUS_MOVE = YES;
				CLANG_WARN_UNGUARDED_AVAILABILITY = YES_AGGRESSIVE;
				CLANG_WARN_UNREACHABLE_CODE = YES;
				CLANG_WARN__DUPLICATE_METHOD_MATCH = YES;
				COPY_PHASE_STRIP = NO;
				DEBUG_INFORMATION_FORMAT = "dwarf-with-dsym";
				ENABLE_NS_ASSERTIONS = NO;
				ENABLE_STRICT_OBJC_MSGSEND = YES;
				ENABLE_USER_SCRIPT_SANDBOXING = YES;
				GCC_C_LANGUAGE_STANDARD = gnu17;
				GCC_NO_COMMON_BLOCKS = YES;
				GCC_WARN_64_TO_32_BIT_CONVERSION = YES;
				GCC_WARN_ABOUT_RETURN_TYPE = YES_ERROR;
				GCC_WARN_UNDECLARED_SELECTOR = YES;
				GCC_WARN_UNINITIALIZED_AUTOS = YES_AGGRESSIVE;
				GCC_WARN_UNUSED_FUNCTION = YES;
				GCC_WARN_UNUSED_VARIABLE = YES;
				IPHONEOS_DEPLOYMENT_TARGET = 17.2;
				LOCALIZATION_PREFERS_STRING_CATALOGS = YES;
				MTL_ENABLE_DEBUG_INFO = NO;
				MTL_FAST_MATH = YES;
				SDKROOT = iphoneos;
				SWIFT_COMPILATION_MODE = wholemodule;
				VALIDATE_PRODUCT = YES;
			};
			name = Release;
		};
		09035F842C2D678400B938F8 /* Debug */ = {
			isa = XCBuildConfiguration;
			buildSettings = {
				ASSETCATALOG_COMPILER_APPICON_NAME = AppIcon;
				ASSETCATALOG_COMPILER_GLOBAL_ACCENT_COLOR_NAME = AccentColor;
				CODE_SIGN_STYLE = Automatic;
				CURRENT_PROJECT_VERSION = 1;
				DEVELOPMENT_ASSET_PATHS = "";
				DEVELOPMENT_TEAM = "";
				ENABLE_PREVIEWS = YES;
				GENERATE_INFOPLIST_FILE = YES;
				INFOPLIST_FILE = WeatherApp/Info.plist;
				INFOPLIST_KEY_UIApplicationSceneManifest_Generation = YES;
				INFOPLIST_KEY_UIApplicationSupportsIndirectInputEvents = YES;
				INFOPLIST_KEY_UILaunchScreen_Generation = YES;
				INFOPLIST_KEY_UISupportedInterfaceOrientations = UIInterfaceOrientationPortrait;
				INFOPLIST_KEY_UISupportedInterfaceOrientations_iPad = "UIInterfaceOrientationLandscapeLeft UIInterfaceOrientationLandscapeRight UIInterfaceOrientationPortrait UIInterfaceOrientationPortraitUpsideDown";
				IPHONEOS_DEPLOYMENT_TARGET = 17;
				LD_RUNPATH_SEARCH_PATHS = (
					"$(inherited)",
					"@executable_path/Frameworks",
				);
				MARKETING_VERSION = 1.0;
				PRODUCT_BUNDLE_IDENTIFIER = com.gutnorbert.WeatherApp;
				PRODUCT_NAME = "$(TARGET_NAME)";
				SUPPORTED_PLATFORMS = "iphoneos iphonesimulator";
				SUPPORTS_MACCATALYST = NO;
				SUPPORTS_MAC_DESIGNED_FOR_IPHONE_IPAD = NO;
				SUPPORTS_XR_DESIGNED_FOR_IPHONE_IPAD = NO;
				SWIFT_EMIT_LOC_STRINGS = YES;
				SWIFT_VERSION = 5.0;
				TARGETED_DEVICE_FAMILY = 1;
			};
			name = Debug;
		};
		09035F852C2D678400B938F8 /* Release */ = {
			isa = XCBuildConfiguration;
			buildSettings = {
				ASSETCATALOG_COMPILER_APPICON_NAME = AppIcon;
				ASSETCATALOG_COMPILER_GLOBAL_ACCENT_COLOR_NAME = AccentColor;
				CODE_SIGN_STYLE = Automatic;
				CURRENT_PROJECT_VERSION = 1;
				DEVELOPMENT_ASSET_PATHS = "";
				DEVELOPMENT_TEAM = "";
				ENABLE_PREVIEWS = YES;
				GENERATE_INFOPLIST_FILE = YES;
				INFOPLIST_FILE = WeatherApp/Info.plist;
				INFOPLIST_KEY_UIApplicationSceneManifest_Generation = YES;
				INFOPLIST_KEY_UIApplicationSupportsIndirectInputEvents = YES;
				INFOPLIST_KEY_UILaunchScreen_Generation = YES;
				INFOPLIST_KEY_UISupportedInterfaceOrientations = UIInterfaceOrientationPortrait;
				INFOPLIST_KEY_UISupportedInterfaceOrientations_iPad = "UIInterfaceOrientationLandscapeLeft UIInterfaceOrientationLandscapeRight UIInterfaceOrientationPortrait UIInterfaceOrientationPortraitUpsideDown";
				IPHONEOS_DEPLOYMENT_TARGET = 17;
				LD_RUNPATH_SEARCH_PATHS = (
					"$(inherited)",
					"@executable_path/Frameworks",
				);
				MARKETING_VERSION = 1.0;
				PRODUCT_BUNDLE_IDENTIFIER = com.gutnorbert.WeatherApp;
				PRODUCT_NAME = "$(TARGET_NAME)";
				SUPPORTED_PLATFORMS = "iphoneos iphonesimulator";
				SUPPORTS_MACCATALYST = NO;
				SUPPORTS_MAC_DESIGNED_FOR_IPHONE_IPAD = NO;
				SUPPORTS_XR_DESIGNED_FOR_IPHONE_IPAD = NO;
				SWIFT_EMIT_LOC_STRINGS = YES;
				SWIFT_VERSION = 5.0;
				TARGETED_DEVICE_FAMILY = 1;
			};
			name = Release;
		};
		09035F872C2D678400B938F8 /* Debug */ = {
			isa = XCBuildConfiguration;
			buildSettings = {
				ALWAYS_EMBED_SWIFT_STANDARD_LIBRARIES = YES;
				BUNDLE_LOADER = "$(TEST_HOST)";
				CODE_SIGN_STYLE = Automatic;
				CURRENT_PROJECT_VERSION = 1;
				GENERATE_INFOPLIST_FILE = YES;
				IPHONEOS_DEPLOYMENT_TARGET = 17.2;
				MARKETING_VERSION = 1.0;
				PRODUCT_BUNDLE_IDENTIFIER = com.gutnorbert.WeatherAppTests;
				PRODUCT_NAME = "$(TARGET_NAME)";
				SWIFT_EMIT_LOC_STRINGS = NO;
				SWIFT_VERSION = 5.0;
				TARGETED_DEVICE_FAMILY = "1,2";
				TEST_HOST = "$(BUILT_PRODUCTS_DIR)/WeatherApp.app/$(BUNDLE_EXECUTABLE_FOLDER_PATH)/WeatherApp";
			};
			name = Debug;
		};
		09035F882C2D678400B938F8 /* Release */ = {
			isa = XCBuildConfiguration;
			buildSettings = {
				ALWAYS_EMBED_SWIFT_STANDARD_LIBRARIES = YES;
				BUNDLE_LOADER = "$(TEST_HOST)";
				CODE_SIGN_STYLE = Automatic;
				CURRENT_PROJECT_VERSION = 1;
				GENERATE_INFOPLIST_FILE = YES;
				IPHONEOS_DEPLOYMENT_TARGET = 17.2;
				MARKETING_VERSION = 1.0;
				PRODUCT_BUNDLE_IDENTIFIER = com.gutnorbert.WeatherAppTests;
				PRODUCT_NAME = "$(TARGET_NAME)";
				SWIFT_EMIT_LOC_STRINGS = NO;
				SWIFT_VERSION = 5.0;
				TARGETED_DEVICE_FAMILY = "1,2";
				TEST_HOST = "$(BUILT_PRODUCTS_DIR)/WeatherApp.app/$(BUNDLE_EXECUTABLE_FOLDER_PATH)/WeatherApp";
			};
			name = Release;
		};
		09035F8A2C2D678400B938F8 /* Debug */ = {
			isa = XCBuildConfiguration;
			buildSettings = {
				ALWAYS_EMBED_SWIFT_STANDARD_LIBRARIES = YES;
				CODE_SIGN_STYLE = Automatic;
				CURRENT_PROJECT_VERSION = 1;
				GENERATE_INFOPLIST_FILE = YES;
				MARKETING_VERSION = 1.0;
				PRODUCT_BUNDLE_IDENTIFIER = com.gutnorbert.WeatherAppUITests;
				PRODUCT_NAME = "$(TARGET_NAME)";
				SWIFT_EMIT_LOC_STRINGS = NO;
				SWIFT_VERSION = 5.0;
				TARGETED_DEVICE_FAMILY = "1,2";
				TEST_TARGET_NAME = WeatherApp;
			};
			name = Debug;
		};
		09035F8B2C2D678400B938F8 /* Release */ = {
			isa = XCBuildConfiguration;
			buildSettings = {
				ALWAYS_EMBED_SWIFT_STANDARD_LIBRARIES = YES;
				CODE_SIGN_STYLE = Automatic;
				CURRENT_PROJECT_VERSION = 1;
				GENERATE_INFOPLIST_FILE = YES;
				MARKETING_VERSION = 1.0;
				PRODUCT_BUNDLE_IDENTIFIER = com.gutnorbert.WeatherAppUITests;
				PRODUCT_NAME = "$(TARGET_NAME)";
				SWIFT_EMIT_LOC_STRINGS = NO;
				SWIFT_VERSION = 5.0;
				TARGETED_DEVICE_FAMILY = "1,2";
				TEST_TARGET_NAME = WeatherApp;
			};
			name = Release;
		};
/* End XCBuildConfiguration section */

/* Begin XCConfigurationList section */
		09035F5A2C2D678200B938F8 /* Build configuration list for PBXProject "WeatherApp" */ = {
			isa = XCConfigurationList;
			buildConfigurations = (
				09035F812C2D678400B938F8 /* Debug */,
				09035F822C2D678400B938F8 /* Release */,
			);
			defaultConfigurationIsVisible = 0;
			defaultConfigurationName = Release;
		};
		09035F832C2D678400B938F8 /* Build configuration list for PBXNativeTarget "WeatherApp" */ = {
			isa = XCConfigurationList;
			buildConfigurations = (
				09035F842C2D678400B938F8 /* Debug */,
				09035F852C2D678400B938F8 /* Release */,
			);
			defaultConfigurationIsVisible = 0;
			defaultConfigurationName = Release;
		};
		09035F862C2D678400B938F8 /* Build configuration list for PBXNativeTarget "WeatherAppTests" */ = {
			isa = XCConfigurationList;
			buildConfigurations = (
				09035F872C2D678400B938F8 /* Debug */,
				09035F882C2D678400B938F8 /* Release */,
			);
			defaultConfigurationIsVisible = 0;
			defaultConfigurationName = Release;
		};
		09035F892C2D678400B938F8 /* Build configuration list for PBXNativeTarget "WeatherAppUITests" */ = {
			isa = XCConfigurationList;
			buildConfigurations = (
				09035F8A2C2D678400B938F8 /* Debug */,
				09035F8B2C2D678400B938F8 /* Release */,
			);
			defaultConfigurationIsVisible = 0;
			defaultConfigurationName = Release;
		};
/* End XCConfigurationList section */

/* Begin XCRemoteSwiftPackageReference section */
		09035F902C2D698900B938F8 /* XCRemoteSwiftPackageReference "Factory" */ = {
			isa = XCRemoteSwiftPackageReference;
			repositoryURL = "https://github.com/hmlongco/Factory";
			requirement = {
				kind = upToNextMajorVersion;
				minimumVersion = 2.3.2;
			};
		};
/* End XCRemoteSwiftPackageReference section */

/* Begin XCSwiftPackageProductDependency section */
		0960A5832C34292F0045820D /* DataLayer */ = {
			isa = XCSwiftPackageProductDependency;
			productName = DataLayer;
		};
		0960A5852C34292F0045820D /* DomainLayer */ = {
			isa = XCSwiftPackageProductDependency;
			productName = DomainLayer;
		};
		0960A5882C354EF40045820D /* PresentationLayer */ = {
			isa = XCSwiftPackageProductDependency;
			productName = PresentationLayer;
		};
		098D93AF2C33FAA9006CBB60 /* Factory */ = {
			isa = XCSwiftPackageProductDependency;
			package = 09035F902C2D698900B938F8 /* XCRemoteSwiftPackageReference "Factory" */;
			productName = Factory;
		};
/* End XCSwiftPackageProductDependency section */
	};
	rootObject = 09035F572C2D678200B938F8 /* Project object */;
}
